
Microsoft Visual Studio Solution File, Format Version 12.00
# Visual Studio Version 17
VisualStudioVersion = 17.1.32328.378
MinimumVisualStudioVersion = 10.0.40219.1
Project("{FAE04EC0-301F-11D3-BF4B-00C04F79EFBC}") = "final643450082-4", "final643450082-4.csproj", "{597C7C47-49E5-4729-A974-C2310CC33F6F}"
EndProject
Global
	GlobalSection(SolutionConfigurationPlatforms) = preSolution
		Debug|Any CPU = Debug|Any CPU
		Release|Any CPU = Release|Any CPU
	EndGlobalSection
	GlobalSection(ProjectConfigurationPlatforms) = postSolution
		{597C7C47-49E5-4729-A974-C2310CC33F6F}.Debug|Any CPU.ActiveCfg = Debug|Any CPU
		{597C7C47-49E5-4729-A974-C2310CC33F6F}.Debug|Any CPU.Build.0 = Debug|Any CPU
		{597C7C47-49E5-4729-A974-C2310CC33F6F}.Release|Any CPU.ActiveCfg = Release|Any CPU
		{597C7C47-49E5-4729-A974-C2310CC33F6F}.Release|Any CPU.Build.0 = Release|Any CPU
	EndGlobalSection
	GlobalSection(SolutionProperties) = preSolution
		HideSolutionNode = FALSE
	EndGlobalSection
	GlobalSection(ExtensibilityGlobals) = postSolution
		SolutionGuid = {4458AEBA-74FF-4906-ABA1-9B5295338A65}
	EndGlobalSection
EndGlobal
